// !$*UTF8*$!
{
	archiveVersion = 1;
	classes = {
	};
	objectVersion = 55;
	objects = {

/* Begin PBXBuildFile section */
		0ACFED2528AD59F000E90C96 /* AppDelegate.swift in Sources */ = {isa = PBXBuildFile; fileRef = 0ACFED2428AD59F000E90C96 /* AppDelegate.swift */; };
		0ACFED2728AD59F000E90C96 /* SceneDelegate.swift in Sources */ = {isa = PBXBuildFile; fileRef = 0ACFED2628AD59F000E90C96 /* SceneDelegate.swift */; };
		0ACFED2928AD59F000E90C96 /* ViewController.swift in Sources */ = {isa = PBXBuildFile; fileRef = 0ACFED2828AD59F000E90C96 /* ViewController.swift */; };
		0ACFED2C28AD59F100E90C96 /* Main.storyboard in Resources */ = {isa = PBXBuildFile; fileRef = 0ACFED2A28AD59F100E90C96 /* Main.storyboard */; };
		0ACFED2F28AD59F100E90C96 /* _23.xcdatamodeld in Sources */ = {isa = PBXBuildFile; fileRef = 0ACFED2D28AD59F100E90C96 /* _23.xcdatamodeld */; };
		0ACFED3128AD59F500E90C96 /* Assets.xcassets in Resources */ = {isa = PBXBuildFile; fileRef = 0ACFED3028AD59F500E90C96 /* Assets.xcassets */; };
		0ACFED3428AD59F500E90C96 /* LaunchScreen.storyboard in Resources */ = {isa = PBXBuildFile; fileRef = 0ACFED3228AD59F500E90C96 /* LaunchScreen.storyboard */; };
		0ACFED3F28AD59F500E90C96 /* _23Tests.swift in Sources */ = {isa = PBXBuildFile; fileRef = 0ACFED3E28AD59F500E90C96 /* _23Tests.swift */; };
		0ACFED4928AD59F500E90C96 /* _23UITests.swift in Sources */ = {isa = PBXBuildFile; fileRef = 0ACFED4828AD59F500E90C96 /* _23UITests.swift */; };
		0ACFED4B28AD59F500E90C96 /* _23UITestsLaunchTests.swift in Sources */ = {isa = PBXBuildFile; fileRef = 0ACFED4A28AD59F500E90C96 /* _23UITestsLaunchTests.swift */; };
/* End PBXBuildFile section */

/* Begin PBXContainerItemProxy section */
		0ACFED3B28AD59F500E90C96 /* PBXContainerItemProxy */ = {
			isa = PBXContainerItemProxy;
			containerPortal = 0ACFED1928AD59F000E90C96 /* Project object */;
			proxyType = 1;
			remoteGlobalIDString = 0ACFED2028AD59F000E90C96;
			remoteInfo = 123;
		};
		0ACFED4528AD59F500E90C96 /* PBXContainerItemProxy */ = {
			isa = PBXContainerItemProxy;
			containerPortal = 0ACFED1928AD59F000E90C96 /* Project object */;
			proxyType = 1;
			remoteGlobalIDString = 0ACFED2028AD59F000E90C96;
			remoteInfo = 123;
		};
/* End PBXContainerItemProxy section */

/* Begin PBXFileReference section */
		0ACFED2128AD59F000E90C96 /* 123.app */ = {isa = PBXFileReference; explicitFileType = wrapper.application; includeInIndex = 0; path = 123.app; sourceTree = BUILT_PRODUCTS_DIR; };
		0ACFED2428AD59F000E90C96 /* AppDelegate.swift */ = {isa = PBXFileReference; lastKnownFileType = sourcecode.swift; path = AppDelegate.swift; sourceTree = "<group>"; };
		0ACFED2628AD59F000E90C96 /* SceneDelegate.swift */ = {isa = PBXFileReference; lastKnownFileType = sourcecode.swift; path = SceneDelegate.swift; sourceTree = "<group>"; };
		0ACFED2828AD59F000E90C96 /* ViewController.swift */ = {isa = PBXFileReference; lastKnownFileType = sourcecode.swift; path = ViewController.swift; sourceTree = "<group>"; };
		0ACFED2B28AD59F100E90C96 /* Base */ = {isa = PBXFileReference; lastKnownFileType = file.storyboard; name = Base; path = Base.lproj/Main.storyboard; sourceTree = "<group>"; };
		0ACFED2E28AD59F100E90C96 /* _23.xcdatamodel */ = {isa = PBXFileReference; lastKnownFileType = wrapper.xcdatamodel; path = _23.xcdatamodel; sourceTree = "<group>"; };
		0ACFED3028AD59F500E90C96 /* Assets.xcassets */ = {isa = PBXFileReference; lastKnownFileType = folder.assetcatalog; path = Assets.xcassets; sourceTree = "<group>"; };
		0ACFED3328AD59F500E90C96 /* Base */ = {isa = PBXFileReference; lastKnownFileType = file.storyboard; name = Base; path = Base.lproj/LaunchScreen.storyboard; sourceTree = "<group>"; };
		0ACFED3528AD59F500E90C96 /* Info.plist */ = {isa = PBXFileReference; lastKnownFileType = text.plist.xml; path = Info.plist; sourceTree = "<group>"; };
		0ACFED3A28AD59F500E90C96 /* 123Tests.xctest */ = {isa = PBXFileReference; explicitFileType = wrapper.cfbundle; includeInIndex = 0; path = 123Tests.xctest; sourceTree = BUILT_PRODUCTS_DIR; };
		0ACFED3E28AD59F500E90C96 /* _23Tests.swift */ = {isa = PBXFileReference; lastKnownFileType = sourcecode.swift; path = _23Tests.swift; sourceTree = "<group>"; };
		0ACFED4428AD59F500E90C96 /* 123UITests.xctest */ = {isa = PBXFileReference; explicitFileType = wrapper.cfbundle; includeInIndex = 0; path = 123UITests.xctest; sourceTree = BUILT_PRODUCTS_DIR; };
		0ACFED4828AD59F500E90C96 /* _23UITests.swift */ = {isa = PBXFileReference; lastKnownFileType = sourcecode.swift; path = _23UITests.swift; sourceTree = "<group>"; };
		0ACFED4A28AD59F500E90C96 /* _23UITestsLaunchTests.swift */ = {isa = PBXFileReference; lastKnownFileType = sourcecode.swift; path = _23UITestsLaunchTests.swift; sourceTree = "<group>"; };
/* End PBXFileReference section */

/* Begin PBXFrameworksBuildPhase section */
		0ACFED1E28AD59F000E90C96 /* Frameworks */ = {
			isa = PBXFrameworksBuildPhase;
			buildActionMask = 2147483647;
			files = (
			);
			runOnlyForDeploymentPostprocessing = 0;
		};
		0ACFED3728AD59F500E90C96 /* Frameworks */ = {
			isa = PBXFrameworksBuildPhase;
			buildActionMask = 2147483647;
			files = (
			);
			runOnlyForDeploymentPostprocessing = 0;
		};
		0ACFED4128AD59F500E90C96 /* Frameworks */ = {
			isa = PBXFrameworksBuildPhase;
			buildActionMask = 2147483647;
			files = (
			);
			runOnlyForDeploymentPostprocessing = 0;
		};
/* End PBXFrameworksBuildPhase section */

/* Begin PBXGroup section */
		0ACFED1828AD59F000E90C96 = {
			isa = PBXGroup;
			children = (
				0ACFED2328AD59F000E90C96 /* 123 */,
				0ACFED3D28AD59F500E90C96 /* 123Tests */,
				0ACFED4728AD59F500E90C96 /* 123UITests */,
				0ACFED2228AD59F000E90C96 /* Products */,
			);
			sourceTree = "<group>";
		};
		0ACFED2228AD59F000E90C96 /* Products */ = {
			isa = PBXGroup;
			children = (
				0ACFED2128AD59F000E90C96 /* 123.app */,
				0ACFED3A28AD59F500E90C96 /* 123Tests.xctest */,
				0ACFED4428AD59F500E90C96 /* 123UITests.xctest */,
			);
			name = Products;
			sourceTree = "<group>";
		};
		0ACFED2328AD59F000E90C96 /* 123 */ = {
			isa = PBXGroup;
			children = (
				0ACFED2428AD59F000E90C96 /* AppDelegate.swift */,
				0ACFED2628AD59F000E90C96 /* SceneDelegate.swift */,
				0ACFED2828AD59F000E90C96 /* ViewController.swift */,
				0ACFED2A28AD59F100E90C96 /* Main.storyboard */,
				0ACFED3028AD59F500E90C96 /* Assets.xcassets */,
				0ACFED3228AD59F500E90C96 /* LaunchScreen.storyboard */,
				0ACFED3528AD59F500E90C96 /* Info.plist */,
				0ACFED2D28AD59F100E90C96 /* _23.xcdatamodeld */,
			);
			path = 123;
			sourceTree = "<group>";
		};
		0ACFED3D28AD59F500E90C96 /* 123Tests */ = {
			isa = PBXGroup;
			children = (
				0ACFED3E28AD59F500E90C96 /* _23Tests.swift */,
			);
			path = 123Tests;
			sourceTree = "<group>";
		};
		0ACFED4728AD59F500E90C96 /* 123UITests */ = {
			isa = PBXGroup;
			children = (
				0ACFED4828AD59F500E90C96 /* _23UITests.swift */,
				0ACFED4A28AD59F500E90C96 /* _23UITestsLaunchTests.swift */,
			);
			path = 123UITests;
			sourceTree = "<group>";
		};
/* End PBXGroup section */

/* Begin PBXNativeTarget section */
		0ACFED2028AD59F000E90C96 /* 123 */ = {
			isa = PBXNativeTarget;
			buildConfigurationList = 0ACFED4E28AD59F500E90C96 /* Build configuration list for PBXNativeTarget "123" */;
			buildPhases = (
				0ACFED1D28AD59F000E90C96 /* Sources */,
				0ACFED1E28AD59F000E90C96 /* Frameworks */,
				0ACFED1F28AD59F000E90C96 /* Resources */,
			);
			buildRules = (
			);
			dependencies = (
			);
			name = 123;
			productName = 123;
			productReference = 0ACFED2128AD59F000E90C96 /* 123.app */;
			productType = "com.apple.product-type.application";
		};
		0ACFED3928AD59F500E90C96 /* 123Tests */ = {
			isa = PBXNativeTarget;
			buildConfigurationList = 0ACFED5128AD59F500E90C96 /* Build configuration list for PBXNativeTarget "123Tests" */;
			buildPhases = (
				0ACFED3628AD59F500E90C96 /* Sources */,
				0ACFED3728AD59F500E90C96 /* Frameworks */,
				0ACFED3828AD59F500E90C96 /* Resources */,
			);
			buildRules = (
			);
			dependencies = (
				0ACFED3C28AD59F500E90C96 /* PBXTargetDependency */,
			);
			name = 123Tests;
			productName = 123Tests;
			productReference = 0ACFED3A28AD59F500E90C96 /* 123Tests.xctest */;
			productType = "com.apple.product-type.bundle.unit-test";
		};
		0ACFED4328AD59F500E90C96 /* 123UITests */ = {
			isa = PBXNativeTarget;
			buildConfigurationList = 0ACFED5428AD59F500E90C96 /* Build configuration list for PBXNativeTarget "123UITests" */;
			buildPhases = (
				0ACFED4028AD59F500E90C96 /* Sources */,
				0ACFED4128AD59F500E90C96 /* Frameworks */,
				0ACFED4228AD59F500E90C96 /* Resources */,
			);
			buildRules = (
			);
			dependencies = (
				0ACFED4628AD59F500E90C96 /* PBXTargetDependency */,
			);
			name = 123UITests;
			productName = 123UITests;
			productReference = 0ACFED4428AD59F500E90C96 /* 123UITests.xctest */;
			productType = "com.apple.product-type.bundle.ui-testing";
		};
/* End PBXNativeTarget section */

/* Begin PBXProject section */
		0ACFED1928AD59F000E90C96 /* Project object */ = {
			isa = PBXProject;
			attributes = {
				BuildIndependentTargetsInParallel = 1;
				LastSwiftUpdateCheck = 1340;
				LastUpgradeCheck = 1340;
				TargetAttributes = {
					0ACFED2028AD59F000E90C96 = {
						CreatedOnToolsVersion = 13.4.1;
					};
					0ACFED3928AD59F500E90C96 = {
						CreatedOnToolsVersion = 13.4.1;
						TestTargetID = 0ACFED2028AD59F000E90C96;
					};
					0ACFED4328AD59F500E90C96 = {
						CreatedOnToolsVersion = 13.4.1;
						TestTargetID = 0ACFED2028AD59F000E90C96;
					};
				};
			};
			buildConfigurationList = 0ACFED1C28AD59F000E90C96 /* Build configuration list for PBXProject "123" */;
			compatibilityVersion = "Xcode 13.0";
			developmentRegion = en;
			hasScannedForEncodings = 0;
			knownRegions = (
				en,
				Base,
			);
			mainGroup = 0ACFED1828AD59F000E90C96;
			productRefGroup = 0ACFED2228AD59F000E90C96 /* Products */;
			projectDirPath = "";
			projectRoot = "";
			targets = (
				0ACFED2028AD59F000E90C96 /* 123 */,
				0ACFED3928AD59F500E90C96 /* 123Tests */,
				0ACFED4328AD59F500E90C96 /* 123UITests */,
			);
		};
/* End PBXProject section */

/* Begin PBXResourcesBuildPhase section */
		0ACFED1F28AD59F000E90C96 /* Resources */ = {
			isa = PBXResourcesBuildPhase;
			buildActionMask = 2147483647;
			files = (
				0ACFED3428AD59F500E90C96 /* LaunchScreen.storyboard in Resources */,
				0ACFED3128AD59F500E90C96 /* Assets.xcassets in Resources */,
				0ACFED2C28AD59F100E90C96 /* Main.storyboard in Resources */,
			);
			runOnlyForDeploymentPostprocessing = 0;
		};
		0ACFED3828AD59F500E90C96 /* Resources */ = {
			isa = PBXResourcesBuildPhase;
			buildActionMask = 2147483647;
			files = (
			);
			runOnlyForDeploymentPostprocessing = 0;
		};
		0ACFED4228AD59F500E90C96 /* Resources */ = {
			isa = PBXResourcesBuildPhase;
			buildActionMask = 2147483647;
			files = (
			);
			runOnlyForDeploymentPostprocessing = 0;
		};
/* End PBXResourcesBuildPhase section */

/* Begin PBXSourcesBuildPhase section */
		0ACFED1D28AD59F000E90C96 /* Sources */ = {
			isa = PBXSourcesBuildPhase;
			buildActionMask = 2147483647;
			files = (
				0ACFED2F28AD59F100E90C96 /* _23.xcdatamodeld in Sources */,
				0ACFED2928AD59F000E90C96 /* ViewController.swift in Sources */,
				0ACFED2528AD59F000E90C96 /* AppDelegate.swift in Sources */,
				0ACFED2728AD59F000E90C96 /* SceneDelegate.swift in Sources */,
			);
			runOnlyForDeploymentPostprocessing = 0;
		};
		0ACFED3628AD59F500E90C96 /* Sources */ = {
			isa = PBXSourcesBuildPhase;
			buildActionMask = 2147483647;
			files = (
				0ACFED3F28AD59F500E90C96 /* _23Tests.swift in Sources */,
			);
			runOnlyForDeploymentPostprocessing = 0;
		};
		0ACFED4028AD59F500E90C96 /* Sources */ = {
			isa = PBXSourcesBuildPhase;
			buildActionMask = 2147483647;
			files = (
				0ACFED4928AD59F500E90C96 /* _23UITests.swift in Sources */,
				0ACFED4B28AD59F500E90C96 /* _23UITestsLaunchTests.swift in Sources */,
			);
			runOnlyForDeploymentPostprocessing = 0;
		};
/* End PBXSourcesBuildPhase section */

/* Begin PBXTargetDependency section */
		0ACFED3C28AD59F500E90C96 /* PBXTargetDependency */ = {
			isa = PBXTargetDependency;
			target = 0ACFED2028AD59F000E90C96 /* 123 */;
			targetProxy = 0ACFED3B28AD59F500E90C96 /* PBXContainerItemProxy */;
		};
		0ACFED4628AD59F500E90C96 /* PBXTargetDependency */ = {
			isa = PBXTargetDependency;
			target = 0ACFED2028AD59F000E90C96 /* 123 */;
			targetProxy = 0ACFED4528AD59F500E90C96 /* PBXContainerItemProxy */;
		};
/* End PBXTargetDependency section */

/* Begin PBXVariantGroup section */
		0ACFED2A28AD59F100E90C96 /* Main.storyboard */ = {
			isa = PBXVariantGroup;
			children = (
				0ACFED2B28AD59F100E90C96 /* Base */,
			);
			name = Main.storyboard;
			sourceTree = "<group>";
		};
		0ACFED3228AD59F500E90C96 /* LaunchScreen.storyboard */ = {
			isa = PBXVariantGroup;
			children = (
				0ACFED3328AD59F500E90C96 /* Base */,
			);
			name = LaunchScreen.storyboard;
			sourceTree = "<group>";
		};
/* End PBXVariantGroup section */

/* Begin XCBuildConfiguration section */
		0ACFED4C28AD59F500E90C96 /* Debug */ = {
			isa = XCBuildConfiguration;
			buildSettings = {
				ALWAYS_SEARCH_USER_PATHS = NO;
				CLANG_ANALYZER_NONNULL = YES;
				CLANG_ANALYZER_NUMBER_OBJECT_CONVERSION = YES_AGGRESSIVE;
				CLANG_CXX_LANGUAGE_STANDARD = "gnu++17";
				CLANG_ENABLE_MODULES = YES;
				CLANG_ENABLE_OBJC_ARC = YES;
				CLANG_ENABLE_OBJC_WEAK = YES;
				CLANG_WARN_BLOCK_CAPTURE_AUTORELEASING = YES;
				CLANG_WARN_BOOL_CONVERSION = YES;
				CLANG_WARN_COMMA = YES;
				CLANG_WARN_CONSTANT_CONVERSION = YES;
				CLANG_WARN_DEPRECATED_OBJC_IMPLEMENTATIONS = YES;
				CLANG_WARN_DIRECT_OBJC_ISA_USAGE = YES_ERROR;
				CLANG_WARN_DOCUMENTATION_COMMENTS = YES;
				CLANG_WARN_EMPTY_BODY = YES;
				CLANG_WARN_ENUM_CONVERSION = YES;
				CLANG_WARN_INFINITE_RECURSION = YES;
				CLANG_WARN_INT_CONVERSION = YES;
				CLANG_WARN_NON_LITERAL_NULL_CONVERSION = YES;
				CLANG_WARN_OBJC_IMPLICIT_RETAIN_SELF = YES;
				CLANG_WARN_OBJC_LITERAL_CONVERSION = YES;
				CLANG_WARN_OBJC_ROOT_CLASS = YES_ERROR;
				CLANG_WARN_QUOTED_INCLUDE_IN_FRAMEWORK_HEADER = YES;
				CLANG_WARN_RANGE_LOOP_ANALYSIS = YES;
				CLANG_WARN_STRICT_PROTOTYPES = YES;
				CLANG_WARN_SUSPICIOUS_MOVE = YES;
				CLANG_WARN_UNGUARDED_AVAILABILITY = YES_AGGRESSIVE;
				CLANG_WARN_UNREACHABLE_CODE = YES;
				CLANG_WARN__DUPLICATE_METHOD_MATCH = YES;
				COPY_PHASE_STRIP = NO;
				DEBUG_INFORMATION_FORMAT = dwarf;
				ENABLE_STRICT_OBJC_MSGSEND = YES;
				ENABLE_TESTABILITY = YES;
				GCC_C_LANGUAGE_STANDARD = gnu11;
				GCC_DYNAMIC_NO_PIC = NO;
				GCC_NO_COMMON_BLOCKS = YES;
				GCC_OPTIMIZATION_LEVEL = 0;
				GCC_PREPROCESSOR_DEFINITIONS = (
					"DEBUG=1",
					"$(inherited)",
				);
				GCC_WARN_64_TO_32_BIT_CONVERSION = YES;
				GCC_WARN_ABOUT_RETURN_TYPE = YES_ERROR;
				GCC_WARN_UNDECLARED_SELECTOR = YES;
				GCC_WARN_UNINITIALIZED_AUTOS = YES_AGGRESSIVE;
				GCC_WARN_UNUSED_FUNCTION = YES;
				GCC_WARN_UNUSED_VARIABLE = YES;
				IPHONEOS_DEPLOYMENT_TARGET = 15.5;
				MTL_ENABLE_DEBUG_INFO = INCLUDE_SOURCE;
				MTL_FAST_MATH = YES;
				ONLY_ACTIVE_ARCH = YES;
				SDKROOT = iphoneos;
				SWIFT_ACTIVE_COMPILATION_CONDITIONS = DEBUG;
				SWIFT_OPTIMIZATION_LEVEL = "-Onone";
			};
			name = Debug;
		};
		0ACFED4D28AD59F500E90C96 /* Release */ = {
			isa = XCBuildConfiguration;
			buildSettings = {
				ALWAYS_SEARCH_USER_PATHS = NO;
				CLANG_ANALYZER_NONNULL = YES;
				CLANG_ANALYZER_NUMBER_OBJECT_CONVERSION = YES_AGGRESSIVE;
				CLANG_CXX_LANGUAGE_STANDARD = "gnu++17";
				CLANG_ENABLE_MODULES = YES;
				CLANG_ENABLE_OBJC_ARC = YES;
				CLANG_ENABLE_OBJC_WEAK = YES;
				CLANG_WARN_BLOCK_CAPTURE_AUTORELEASING = YES;
				CLANG_WARN_BOOL_CONVERSION = YES;
				CLANG_WARN_COMMA = YES;
				CLANG_WARN_CONSTANT_CONVERSION = YES;
				CLANG_WARN_DEPRECATED_OBJC_IMPLEMENTATIONS = YES;
				CLANG_WARN_DIRECT_OBJC_ISA_USAGE = YES_ERROR;
				CLANG_WARN_DOCUMENTATION_COMMENTS = YES;
				CLANG_WARN_EMPTY_BODY = YES;
				CLANG_WARN_ENUM_CONVERSION = YES;
				CLANG_WARN_INFINITE_RECURSION = YES;
				CLANG_WARN_INT_CONVERSION = YES;
				CLANG_WARN_NON_LITERAL_NULL_CONVERSION = YES;
				CLANG_WARN_OBJC_IMPLICIT_RETAIN_SELF = YES;
				CLANG_WARN_OBJC_LITERAL_CONVERSION = YES;
				CLANG_WARN_OBJC_ROOT_CLASS = YES_ERROR;
				CLANG_WARN_QUOTED_INCLUDE_IN_FRAMEWORK_HEADER = YES;
				CLANG_WARN_RANGE_LOOP_ANALYSIS = YES;
				CLANG_WARN_STRICT_PROTOTYPES = YES;
				CLANG_WARN_SUSPICIOUS_MOVE = YES;
				CLANG_WARN_UNGUARDED_AVAILABILITY = YES_AGGRESSIVE;
				CLANG_WARN_UNREACHABLE_CODE = YES;
				CLANG_WARN__DUPLICATE_METHOD_MATCH = YES;
				COPY_PHASE_STRIP = NO;
				DEBUG_INFORMATION_FORMAT = "dwarf-with-dsym";
				ENABLE_NS_ASSERTIONS = NO;
				ENABLE_STRICT_OBJC_MSGSEND = YES;
				GCC_C_LANGUAGE_STANDARD = gnu11;
				GCC_NO_COMMON_BLOCKS = YES;
				GCC_WARN_64_TO_32_BIT_CONVERSION = YES;
				GCC_WARN_ABOUT_RETURN_TYPE = YES_ERROR;
				GCC_WARN_UNDECLARED_SELECTOR = YES;
				GCC_WARN_UNINITIALIZED_AUTOS = YES_AGGRESSIVE;
				GCC_WARN_UNUSED_FUNCTION = YES;
				GCC_WARN_UNUSED_VARIABLE = YES;
				IPHONEOS_DEPLOYMENT_TARGET = 15.5;
				MTL_ENABLE_DEBUG_INFO = NO;
				MTL_FAST_MATH = YES;
				SDKROOT = iphoneos;
				SWIFT_COMPILATION_MODE = wholemodule;
				SWIFT_OPTIMIZATION_LEVEL = "-O";
				VALIDATE_PRODUCT = YES;
			};
			name = Release;
		};
		0ACFED4F28AD59F500E90C96 /* Debug */ = {
			isa = XCBuildConfiguration;
			buildSettings = {
				ASSETCATALOG_COMPILER_APPICON_NAME = AppIcon;
				ASSETCATALOG_COMPILER_GLOBAL_ACCENT_COLOR_NAME = AccentColor;
				CODE_SIGN_STYLE = Automatic;
				CURRENT_PROJECT_VERSION = 1;
				DEVELOPMENT_TEAM = FRYLV32ABN;
				GENERATE_INFOPLIST_FILE = YES;
				INFOPLIST_FILE = 123/Info.plist;
				INFOPLIST_KEY_UIApplicationSupportsIndirectInputEvents = YES;
				INFOPLIST_KEY_UILaunchStoryboardName = LaunchScreen;
				INFOPLIST_KEY_UIMainStoryboardFile = Main;
				INFOPLIST_KEY_UISupportedInterfaceOrientations_iPad = "UIInterfaceOrientationPortrait UIInterfaceOrientationPortraitUpsideDown UIInterfaceOrientationLandscapeLeft UIInterfaceOrientationLandscapeRight";
				INFOPLIST_KEY_UISupportedInterfaceOrientations_iPhone = "UIInterfaceOrientationPortrait UIInterfaceOrientationLandscapeLeft UIInterfaceOrientationLandscapeRight";
				LD_RUNPATH_SEARCH_PATHS = (
					"$(inherited)",
					"@executable_path/Frameworks",
				);
				MARKETING_VERSION = 1.0;
				PRODUCT_BUNDLE_IDENTIFIER = "Ramisha.-23";
				PRODUCT_NAME = "$(TARGET_NAME)";
				SWIFT_EMIT_LOC_STRINGS = YES;
				SWIFT_VERSION = 5.0;
				TARGETED_DEVICE_FAMILY = "1,2";
			};
			name = Debug;
		};
		0ACFED5028AD59F500E90C96 /* Release */ = {
			isa = XCBuildConfiguration;
			buildSettings = {
				ASSETCATALOG_COMPILER_APPICON_NAME = AppIcon;
				ASSETCATALOG_COMPILER_GLOBAL_ACCENT_COLOR_NAME = AccentColor;
				CODE_SIGN_STYLE = Automatic;
				CURRENT_PROJECT_VERSION = 1;
				DEVELOPMENT_TEAM = FRYLV32ABN;
				GENERATE_INFOPLIST_FILE = YES;
				INFOPLIST_FILE = 123/Info.plist;
				INFOPLIST_KEY_UIApplicationSupportsIndirectInputEvents = YES;
				INFOPLIST_KEY_UILaunchStoryboardName = LaunchScreen;
				INFOPLIST_KEY_UIMainStoryboardFile = Main;
				INFOPLIST_KEY_UISupportedInterfaceOrientations_iPad = "UIInterfaceOrientationPortrait UIInterfaceOrientationPortraitUpsideDown UIInterfaceOrientationLandscapeLeft UIInterfaceOrientationLandscapeRight";
				INFOPLIST_KEY_UISupportedInterfaceOrientations_iPhone = "UIInterfaceOrientationPortrait UIInterfaceOrientationLandscapeLeft UIInterfaceOrientationLandscapeRight";
				LD_RUNPATH_SEARCH_PATHS = (
					"$(inherited)",
					"@executable_path/Frameworks",
				);
				MARKETING_VERSION = 1.0;
				PRODUCT_BUNDLE_IDENTIFIER = "Ramisha.-23";
				PRODUCT_NAME = "$(TARGET_NAME)";
				SWIFT_EMIT_LOC_STRINGS = YES;
				SWIFT_VERSION = 5.0;
				TARGETED_DEVICE_FAMILY = "1,2";
			};
			name = Release;
		};
		0ACFED5228AD59F500E90C96 /* Debug */ = {
			isa = XCBuildConfiguration;
			buildSettings = {
				ALWAYS_EMBED_SWIFT_STANDARD_LIBRARIES = YES;
				BUNDLE_LOADER = "$(TEST_HOST)";
				CODE_SIGN_STYLE = Automatic;
				CURRENT_PROJECT_VERSION = 1;
				DEVELOPMENT_TEAM = FRYLV32ABN;
				GENERATE_INFOPLIST_FILE = YES;
				IPHONEOS_DEPLOYMENT_TARGET = 15.5;
				MARKETING_VERSION = 1.0;
				PRODUCT_BUNDLE_IDENTIFIER = "Ramisha.-23Tests";
				PRODUCT_NAME = "$(TARGET_NAME)";
				SWIFT_EMIT_LOC_STRINGS = NO;
				SWIFT_VERSION = 5.0;
				TARGETED_DEVICE_FAMILY = "1,2";
				TEST_HOST = "$(BUILT_PRODUCTS_DIR)/123.app/123";
			};
			name = Debug;
		};
		0ACFED5328AD59F500E90C96 /* Release */ = {
			isa = XCBuildConfiguration;
			buildSettings = {
				ALWAYS_EMBED_SWIFT_STANDARD_LIBRARIES = YES;
				BUNDLE_LOADER = "$(TEST_HOST)";
				CODE_SIGN_STYLE = Automatic;
				CURRENT_PROJECT_VERSION = 1;
				DEVELOPMENT_TEAM = FRYLV32ABN;
				GENERATE_INFOPLIST_FILE = YES;
				IPHONEOS_DEPLOYMENT_TARGET = 15.5;
				MARKETING_VERSION = 1.0;
				PRODUCT_BUNDLE_IDENTIFIER = "Ramisha.-23Tests";
				PRODUCT_NAME = "$(TARGET_NAME)";
				SWIFT_EMIT_LOC_STRINGS = NO;
				SWIFT_VERSION = 5.0;
				TARGETED_DEVICE_FAMILY = "1,2";
				TEST_HOST = "$(BUILT_PRODUCTS_DIR)/123.app/123";
			};
			name = Release;
		};
		0ACFED5528AD59F500E90C96 /* Debug */ = {
			isa = XCBuildConfiguration;
			buildSettings = {
				ALWAYS_EMBED_SWIFT_STANDARD_LIBRARIES = YES;
				CODE_SIGN_STYLE = Automatic;
				CURRENT_PROJECT_VERSION = 1;
				DEVELOPMENT_TEAM = FRYLV32ABN;
				GENERATE_INFOPLIST_FILE = YES;
				MARKETING_VERSION = 1.0;
				PRODUCT_BUNDLE_IDENTIFIER = "Ramisha.-23UITests";
				PRODUCT_NAME = "$(TARGET_NAME)";
				SWIFT_EMIT_LOC_STRINGS = NO;
				SWIFT_VERSION = 5.0;
				TARGETED_DEVICE_FAMILY = "1,2";
				TEST_TARGET_NAME = 123;
			};
			name = Debug;
		};
		0ACFED5628AD59F500E90C96 /* Release */ = {
			isa = XCBuildConfiguration;
			buildSettings = {
				ALWAYS_EMBED_SWIFT_STANDARD_LIBRARIES = YES;
				CODE_SIGN_STYLE = Automatic;
				CURRENT_PROJECT_VERSION = 1;
				DEVELOPMENT_TEAM = FRYLV32ABN;
				GENERATE_INFOPLIST_FILE = YES;
				MARKETING_VERSION = 1.0;
				PRODUCT_BUNDLE_IDENTIFIER = "Ramisha.-23UITests";
				PRODUCT_NAME = "$(TARGET_NAME)";
				SWIFT_EMIT_LOC_STRINGS = NO;
				SWIFT_VERSION = 5.0;
				TARGETED_DEVICE_FAMILY = "1,2";
				TEST_TARGET_NAME = 123;
			};
			name = Release;
		};
/* End XCBuildConfiguration section */

/* Begin XCConfigurationList section */
		0ACFED1C28AD59F000E90C96 /* Build configuration list for PBXProject "123" */ = {
			isa = XCConfigurationList;
			buildConfigurations = (
				0ACFED4C28AD59F500E90C96 /* Debug */,
				0ACFED4D28AD59F500E90C96 /* Release */,
			);
			defaultConfigurationIsVisible = 0;
			defaultConfigurationName = Release;
		};
		0ACFED4E28AD59F500E90C96 /* Build configuration list for PBXNativeTarget "123" */ = {
			isa = XCConfigurationList;
			buildConfigurations = (
				0ACFED4F28AD59F500E90C96 /* Debug */,
				0ACFED5028AD59F500E90C96 /* Release */,
			);
			defaultConfigurationIsVisible = 0;
			defaultConfigurationName = Release;
		};
		0ACFED5128AD59F500E90C96 /* Build configuration list for PBXNativeTarget "123Tests" */ = {
			isa = XCConfigurationList;
			buildConfigurations = (
				0ACFED5228AD59F500E90C96 /* Debug */,
				0ACFED5328AD59F500E90C96 /* Release */,
			);
			defaultConfigurationIsVisible = 0;
			defaultConfigurationName = Release;
		};
		0ACFED5428AD59F500E90C96 /* Build configuration list for PBXNativeTarget "123UITests" */ = {
			isa = XCConfigurationList;
			buildConfigurations = (
				0ACFED5528AD59F500E90C96 /* Debug */,
				0ACFED5628AD59F500E90C96 /* Release */,
			);
			defaultConfigurationIsVisible = 0;
			defaultConfigurationName = Release;
		};
/* End XCConfigurationList section */

/* Begin XCVersionGroup section */
		0ACFED2D28AD59F100E90C96 /* _23.xcdatamodeld */ = {
			isa = XCVersionGroup;
			children = (
				0ACFED2E28AD59F100E90C96 /* _23.xcdatamodel */,
			);
			currentVersion = 0ACFED2E28AD59F100E90C96 /* _23.xcdatamodel */;
			path = _23.xcdatamodeld;
			sourceTree = "<group>";
			versionGroupType = wrapper.xcdatamodel;
		};
/* End XCVersionGroup section */
	};
	rootObject = 0ACFED1928AD59F000E90C96 /* Project object */;
}
